{
  "pins" : [
    {
      "identity" : "qualtrics-digital-ios-sdk",
      "kind" : "remoteSourceControl",
      "location" : "https://github.com/qualtrics/qualtrics-digital-ios-sdk",
      "state" : {
        "branch" : "main",
        "revision" : "123d4f01de8fe5a8649e13de6802c9b5a5e9d9a5"
      }
    }
  ],
  "version" : 2
}
